// !$*UTF8*$!
{
	archiveVersion = 1;
	classes = {
	};
	objectVersion = 46;
	objects = {

/* Begin PBXBuildFile section */
		5CA1DFCD1DB0F52E00D9854F /* AppDelegate.swift in Sources */ = {isa = PBXBuildFile; fileRef = 5CA1DFCC1DB0F52E00D9854F /* AppDelegate.swift */; };
		5CA1DFCF1DB0F52E00D9854F /* ViewController.swift in Sources */ = {isa = PBXBuildFile; fileRef = 5CA1DFCE1DB0F52E00D9854F /* ViewController.swift */; };
		5CA1DFD21DB0F52E00D9854F /* Main.storyboard in Resources */ = {isa = PBXBuildFile; fileRef = 5CA1DFD01DB0F52E00D9854F /* Main.storyboard */; };
		5CA1DFD41DB0F52E00D9854F /* Assets.xcassets in Resources */ = {isa = PBXBuildFile; fileRef = 5CA1DFD31DB0F52E00D9854F /* Assets.xcassets */; };
		5CA1DFD71DB0F52E00D9854F /* LaunchScreen.storyboard in Resources */ = {isa = PBXBuildFile; fileRef = 5CA1DFD51DB0F52E00D9854F /* LaunchScreen.storyboard */; };
		5CA1DFDF1DB0FEB200D9854F /* PullView.swift in Sources */ = {isa = PBXBuildFile; fileRef = 5CA1DFDE1DB0FEB200D9854F /* PullView.swift */; };
		5CA1DFE11DB1035D00D9854F /* InterfaceAnimation.swift in Sources */ = {isa = PBXBuildFile; fileRef = 5CA1DFE01DB1035D00D9854F /* InterfaceAnimation.swift */; };
/* End PBXBuildFile section */

/* Begin PBXFileReference section */
		5CA1DFC91DB0F52E00D9854F /* JYRefresingControl.app */ = {isa = PBXFileReference; explicitFileType = wrapper.application; includeInIndex = 0; path = JYRefresingControl.app; sourceTree = BUILT_PRODUCTS_DIR; };
		5CA1DFCC1DB0F52E00D9854F /* AppDelegate.swift */ = {isa = PBXFileReference; lastKnownFileType = sourcecode.swift; path = AppDelegate.swift; sourceTree = "<group>"; };
		5CA1DFCE1DB0F52E00D9854F /* ViewController.swift */ = {isa = PBXFileReference; lastKnownFileType = sourcecode.swift; path = ViewController.swift; sourceTree = "<group>"; };
		5CA1DFD11DB0F52E00D9854F /* Base */ = {isa = PBXFileReference; lastKnownFileType = file.storyboard; name = Base; path = Base.lproj/Main.storyboard; sourceTree = "<group>"; };
		5CA1DFD31DB0F52E00D9854F /* Assets.xcassets */ = {isa = PBXFileReference; lastKnownFileType = folder.assetcatalog; path = Assets.xcassets; sourceTree = "<group>"; };
		5CA1DFD61DB0F52E00D9854F /* Base */ = {isa = PBXFileReference; lastKnownFileType = file.storyboard; name = Base; path = Base.lproj/LaunchScreen.storyboard; sourceTree = "<group>"; };
		5CA1DFD81DB0F52E00D9854F /* Info.plist */ = {isa = PBXFileReference; lastKnownFileType = text.plist.xml; path = Info.plist; sourceTree = "<group>"; };
		5CA1DFDE1DB0FEB200D9854F /* PullView.swift */ = {isa = PBXFileReference; fileEncoding = 4; lastKnownFileType = sourcecode.swift; path = PullView.swift; sourceTree = "<group>"; };
		5CA1DFE01DB1035D00D9854F /* InterfaceAnimation.swift */ = {isa = PBXFileReference; fileEncoding = 4; lastKnownFileType = sourcecode.swift; path = InterfaceAnimation.swift; sourceTree = "<group>"; };
/* End PBXFileReference section */

/* Begin PBXFrameworksBuildPhase section */
		5CA1DFC61DB0F52E00D9854F /* Frameworks */ = {
			isa = PBXFrameworksBuildPhase;
			buildActionMask = 2147483647;
			files = (
			);
			runOnlyForDeploymentPostprocessing = 0;
		};
/* End PBXFrameworksBuildPhase section */

/* Begin PBXGroup section */
		5CA1DFC01DB0F52E00D9854F = {
			isa = PBXGroup;
			children = (
				5CA1DFCB1DB0F52E00D9854F /* JYRefresingControl */,
				5CA1DFCA1DB0F52E00D9854F /* Products */,
			);
			sourceTree = "<group>";
		};
		5CA1DFCA1DB0F52E00D9854F /* Products */ = {
			isa = PBXGroup;
			children = (
				5CA1DFC91DB0F52E00D9854F /* JYRefresingControl.app */,
			);
			name = Products;
			sourceTree = "<group>";
		};
		5CA1DFCB1DB0F52E00D9854F /* JYRefresingControl */ = {
			isa = PBXGroup;
			children = (
				5CA1DFCC1DB0F52E00D9854F /* AppDelegate.swift */,
				5CA1DFCE1DB0F52E00D9854F /* ViewController.swift */,
				5CA1DFD01DB0F52E00D9854F /* Main.storyboard */,
				5CA1DFD31DB0F52E00D9854F /* Assets.xcassets */,
				5CA1DFD51DB0F52E00D9854F /* LaunchScreen.storyboard */,
				5CA1DFD81DB0F52E00D9854F /* Info.plist */,
				5CA1DFDE1DB0FEB200D9854F /* PullView.swift */,
				5CA1DFE01DB1035D00D9854F /* InterfaceAnimation.swift */,
			);
			path = JYRefresingControl;
			sourceTree = "<group>";
		};
/* End PBXGroup section */

/* Begin PBXNativeTarget section */
		5CA1DFC81DB0F52E00D9854F /* JYRefresingControl */ = {
			isa = PBXNativeTarget;
			buildConfigurationList = 5CA1DFDB1DB0F52E00D9854F /* Build configuration list for PBXNativeTarget "JYRefresingControl" */;
			buildPhases = (
				5CA1DFC51DB0F52E00D9854F /* Sources */,
				5CA1DFC61DB0F52E00D9854F /* Frameworks */,
				5CA1DFC71DB0F52E00D9854F /* Resources */,
			);
			buildRules = (
			);
			dependencies = (
			);
			name = JYRefresingControl;
			productName = JYRefresingControl;
			productReference = 5CA1DFC91DB0F52E00D9854F /* JYRefresingControl.app */;
			productType = "com.apple.product-type.application";
		};
/* End PBXNativeTarget section */

/* Begin PBXProject section */
		5CA1DFC11DB0F52E00D9854F /* Project object */ = {
			isa = PBXProject;
			attributes = {
				LastSwiftUpdateCheck = 0730;
				LastUpgradeCheck = 0730;
				ORGANIZATIONNAME = cyin;
				TargetAttributes = {
					5CA1DFC81DB0F52E00D9854F = {
						CreatedOnToolsVersion = 7.3.1;
						DevelopmentTeam = JE8CSGTB5D;
					};
				};
			};
			buildConfigurationList = 5CA1DFC41DB0F52E00D9854F /* Build configuration list for PBXProject "JYRefresingControl" */;
			compatibilityVersion = "Xcode 3.2";
			developmentRegion = English;
			hasScannedForEncodings = 0;
			knownRegions = (
				en,
				Base,
			);
			mainGroup = 5CA1DFC01DB0F52E00D9854F;
			productRefGroup = 5CA1DFCA1DB0F52E00D9854F /* Products */;
			projectDirPath = "";
			projectRoot = "";
			targets = (
				5CA1DFC81DB0F52E00D9854F /* JYRefresingControl */,
			);
		};
/* End PBXProject section */

/* Begin PBXResourcesBuildPhase section */
		5CA1DFC71DB0F52E00D9854F /* Resources */ = {
			isa = PBXResourcesBuildPhase;
			buildActionMask = 2147483647;
			files = (
				5CA1DFD71DB0F52E00D9854F /* LaunchScreen.storyboard in Resources */,
				5CA1DFD41DB0F52E00D9854F /* Assets.xcassets in Resources */,
				5CA1DFD21DB0F52E00D9854F /* Main.storyboard in Resources */,
			);
			runOnlyForDeploymentPostprocessing = 0;
		};
/* End PBXResourcesBuildPhase section */

/* Begin PBXSourcesBuildPhase section */
		5CA1DFC51DB0F52E00D9854F /* Sources */ = {
			isa = PBXSourcesBuildPhase;
			buildActionMask = 2147483647;
			files = (
				5CA1DFE11DB1035D00D9854F /* InterfaceAnimation.swift in Sources */,
				5CA1DFCF1DB0F52E00D9854F /* ViewController.swift in Sources */,
				5CA1DFDF1DB0FEB200D9854F /* PullView.swift in Sources */,
				5CA1DFCD1DB0F52E00D9854F /* AppDelegate.swift in Sources */,
			);
			runOnlyForDeploymentPostprocessing = 0;
		};
/* End PBXSourcesBuildPhase section */

/* Begin PBXVariantGroup section */
		5CA1DFD01DB0F52E00D9854F /* Main.storyboard */ = {
			isa = PBXVariantGroup;
			children = (
				5CA1DFD11DB0F52E00D9854F /* Base */,
			);
			name = Main.storyboard;
			sourceTree = "<group>";
		};
		5CA1DFD51DB0F52E00D9854F /* LaunchScreen.storyboard */ = {
			isa = PBXVariantGroup;
			children = (
				5CA1DFD61DB0F52E00D9854F /* Base */,
			);
			name = LaunchScreen.storyboard;
			sourceTree = "<group>";
		};
/* End PBXVariantGroup section */

/* Begin XCBuildConfiguration section */
		5CA1DFD91DB0F52E00D9854F /* Debug */ = {
			isa = XCBuildConfiguration;
			buildSettings = {
				ALWAYS_SEARCH_USER_PATHS = NO;
				CLANG_ANALYZER_NONNULL = YES;
				CLANG_CXX_LANGUAGE_STANDARD = "gnu++0x";
				CLANG_CXX_LIBRARY = "libc++";
				CLANG_ENABLE_MODULES = YES;
				CLANG_ENABLE_OBJC_ARC = YES;
				CLANG_WARN_BOOL_CONVERSION = YES;
				CLANG_WARN_CONSTANT_CONVERSION = YES;
				CLANG_WARN_DIRECT_OBJC_ISA_USAGE = YES_ERROR;
				CLANG_WARN_EMPTY_BODY = YES;
				CLANG_WARN_ENUM_CONVERSION = YES;
				CLANG_WARN_INT_CONVERSION = YES;
				CLANG_WARN_OBJC_ROOT_CLASS = YES_ERROR;
				CLANG_WARN_UNREACHABLE_CODE = YES;
				CLANG_WARN__DUPLICATE_METHOD_MATCH = YES;
				"CODE_SIGN_IDENTITY[sdk=iphoneos*]" = "iPhone Developer";
				COPY_PHASE_STRIP = NO;
				DEBUG_INFORMATION_FORMAT = dwarf;
				ENABLE_STRICT_OBJC_MSGSEND = YES;
				ENABLE_TESTABILITY = YES;
				GCC_C_LANGUAGE_STANDARD = gnu99;
				GCC_DYNAMIC_NO_PIC = NO;
				GCC_NO_COMMON_BLOCKS = YES;
				GCC_OPTIMIZATION_LEVEL = 0;
				GCC_PREPROCESSOR_DEFINITIONS = (
					"DEBUG=1",
					"$(inherited)",
				);
				GCC_WARN_64_TO_32_BIT_CONVERSION = YES;
				GCC_WARN_ABOUT_RETURN_TYPE = YES_ERROR;
				GCC_WARN_UNDECLARED_SELECTOR = YES;
				GCC_WARN_UNINITIALIZED_AUTOS = YES_AGGRESSIVE;
				GCC_WARN_UNUSED_FUNCTION = YES;
				GCC_WARN_UNUSED_VARIABLE = YES;
				IPHONEOS_DEPLOYMENT_TARGET = 9.3;
				MTL_ENABLE_DEBUG_INFO = YES;
				ONLY_ACTIVE_ARCH = YES;
				SDKROOT = iphoneos;
				SWIFT_OPTIMIZATION_LEVEL = "-Onone";
			};
			name = Debug;
		};
		5CA1DFDA1DB0F52E00D9854F /* Release */ = {
			isa = XCBuildConfiguration;
			buildSettings = {
				ALWAYS_SEARCH_USER_PATHS = NO;
				CLANG_ANALYZER_NONNULL = YES;
				CLANG_CXX_LANGUAGE_STANDARD = "gnu++0x";
				CLANG_CXX_LIBRARY = "libc++";
				CLANG_ENABLE_MODULES = YES;
				CLANG_ENABLE_OBJC_ARC = YES;
				CLANG_WARN_BOOL_CONVERSION = YES;
				CLANG_WARN_CONSTANT_CONVERSION = YES;
				CLANG_WARN_DIRECT_OBJC_ISA_USAGE = YES_ERROR;
				CLANG_WARN_EMPTY_BODY = YES;
				CLANG_WARN_ENUM_CONVERSION = YES;
				CLANG_WARN_INT_CONVERSION = YES;
				CLANG_WARN_OBJC_ROOT_CLASS = YES_ERROR;
				CLANG_WARN_UNREACHABLE_CODE = YES;
				CLANG_WARN__DUPLICATE_METHOD_MATCH = YES;
				"CODE_SIGN_IDENTITY[sdk=iphoneos*]" = "iPhone Developer";
				COPY_PHASE_STRIP = NO;
				DEBUG_INFORMATION_FORMAT = "dwarf-with-dsym";
				ENABLE_NS_ASSERTIONS = NO;
				ENABLE_STRICT_OBJC_MSGSEND = YES;
				GCC_C_LANGUAGE_STANDARD = gnu99;
				GCC_NO_COMMON_BLOCKS = YES;
				GCC_WARN_64_TO_32_BIT_CONVERSION = YES;
				GCC_WARN_ABOUT_RETURN_TYPE = YES_ERROR;
				GCC_WARN_UNDECLARED_SELECTOR = YES;
				GCC_WARN_UNINITIALIZED_AUTOS = YES_AGGRESSIVE;
				GCC_WARN_UNUSED_FUNCTION = YES;
				GCC_WARN_UNUSED_VARIABLE = YES;
				IPHONEOS_DEPLOYMENT_TARGET = 9.3;
				MTL_ENABLE_DEBUG_INFO = NO;
				SDKROOT = iphoneos;
				VALIDATE_PRODUCT = YES;
			};
			name = Release;
		};
		5CA1DFDC1DB0F52E00D9854F /* Debug */ = {
			isa = XCBuildConfiguration;
			buildSettings = {
				ASSETCATALOG_COMPILER_APPICON_NAME = AppIcon;
				INFOPLIST_FILE = JYRefresingControl/Info.plist;
				LD_RUNPATH_SEARCH_PATHS = "$(inherited) @executable_path/Frameworks";
				PRODUCT_BUNDLE_IDENTIFIER = io.cyin.JYRefresingControl;
				PRODUCT_NAME = "$(TARGET_NAME)";
			};
			name = Debug;
		};
		5CA1DFDD1DB0F52E00D9854F /* Release */ = {
			isa = XCBuildConfiguration;
			buildSettings = {
				ASSETCATALOG_COMPILER_APPICON_NAME = AppIcon;
				INFOPLIST_FILE = JYRefresingControl/Info.plist;
				LD_RUNPATH_SEARCH_PATHS = "$(inherited) @executable_path/Frameworks";
				PRODUCT_BUNDLE_IDENTIFIER = io.cyin.JYRefresingControl;
				PRODUCT_NAME = "$(TARGET_NAME)";
			};
			name = Release;
		};
/* End XCBuildConfiguration section */

/* Begin XCConfigurationList section */
		5CA1DFC41DB0F52E00D9854F /* Build configuration list for PBXProject "JYRefresingControl" */ = {
			isa = XCConfigurationList;
			buildConfigurations = (
				5CA1DFD91DB0F52E00D9854F /* Debug */,
				5CA1DFDA1DB0F52E00D9854F /* Release */,
			);
			defaultConfigurationIsVisible = 0;
			defaultConfigurationName = Release;
		};
		5CA1DFDB1DB0F52E00D9854F /* Build configuration list for PBXNativeTarget "JYRefresingControl" */ = {
			isa = XCConfigurationList;
			buildConfigurations = (
				5CA1DFDC1DB0F52E00D9854F /* Debug */,
				5CA1DFDD1DB0F52E00D9854F /* Release */,
			);
			defaultConfigurationIsVisible = 0;
		};
/* End XCConfigurationList section */
	};
	rootObject = 5CA1DFC11DB0F52E00D9854F /* Project object */;
}
