// !$*UTF8*$!
{
	archiveVersion = 1;
	classes = {
	};
	objectVersion = 46;
	objects = {

/* Begin PBXBuildFile section */
		5C92D4821CFF1FD400BAF029 /* main.swift in Sources */ = {isa = PBXBuildFile; fileRef = 5C92D4811CFF1FD400BAF029 /* main.swift */; };
		5C92D4891CFF1FE700BAF029 /* GrandModel.swift in Sources */ = {isa = PBXBuildFile; fileRef = 5C92D4881CFF1FE700BAF029 /* GrandModel.swift */; };
/* End PBXBuildFile section */

/* Begin PBXCopyFilesBuildPhase section */
		5C92D47C1CFF1FD400BAF029 /* CopyFiles */ = {
			isa = PBXCopyFilesBuildPhase;
			buildActionMask = 2147483647;
			dstPath = /usr/share/man/man1/;
			dstSubfolderSpec = 0;
			files = (
			);
			runOnlyForDeploymentPostprocessing = 1;
		};
/* End PBXCopyFilesBuildPhase section */

/* Begin PBXFileReference section */
		5C92D47E1CFF1FD400BAF029 /* JY- 打造强大的BaseModel库 */ = {isa = PBXFileReference; explicitFileType = "compiled.mach-o.executable"; includeInIndex = 0; path = "JY- 打造强大的BaseModel库"; sourceTree = BUILT_PRODUCTS_DIR; };
		5C92D4811CFF1FD400BAF029 /* main.swift */ = {isa = PBXFileReference; lastKnownFileType = sourcecode.swift; path = main.swift; sourceTree = "<group>"; };
		5C92D4881CFF1FE700BAF029 /* GrandModel.swift */ = {isa = PBXFileReference; fileEncoding = 4; lastKnownFileType = sourcecode.swift; path = GrandModel.swift; sourceTree = "<group>"; };
/* End PBXFileReference section */

/* Begin PBXFrameworksBuildPhase section */
		5C92D47B1CFF1FD400BAF029 /* Frameworks */ = {
			isa = PBXFrameworksBuildPhase;
			buildActionMask = 2147483647;
			files = (
			);
			runOnlyForDeploymentPostprocessing = 0;
		};
/* End PBXFrameworksBuildPhase section */

/* Begin PBXGroup section */
		5C92D4751CFF1FD400BAF029 = {
			isa = PBXGroup;
			children = (
				5C92D4801CFF1FD400BAF029 /* JY- 打造强大的BaseModel库 */,
				5C92D47F1CFF1FD400BAF029 /* Products */,
			);
			sourceTree = "<group>";
		};
		5C92D47F1CFF1FD400BAF029 /* Products */ = {
			isa = PBXGroup;
			children = (
				5C92D47E1CFF1FD400BAF029 /* JY- 打造强大的BaseModel库 */,
			);
			name = Products;
			sourceTree = "<group>";
		};
		5C92D4801CFF1FD400BAF029 /* JY- 打造强大的BaseModel库 */ = {
			isa = PBXGroup;
			children = (
				5C92D4811CFF1FD400BAF029 /* main.swift */,
				5C92D4881CFF1FE700BAF029 /* GrandModel.swift */,
			);
			path = "JY- 打造强大的BaseModel库";
			sourceTree = "<group>";
		};
/* End PBXGroup section */

/* Begin PBXNativeTarget section */
		5C92D47D1CFF1FD400BAF029 /* JY- 打造强大的BaseModel库 */ = {
			isa = PBXNativeTarget;
			buildConfigurationList = 5C92D4851CFF1FD400BAF029 /* Build configuration list for PBXNativeTarget "JY- 打造强大的BaseModel库" */;
			buildPhases = (
				5C92D47A1CFF1FD400BAF029 /* Sources */,
				5C92D47B1CFF1FD400BAF029 /* Frameworks */,
				5C92D47C1CFF1FD400BAF029 /* CopyFiles */,
			);
			buildRules = (
			);
			dependencies = (
			);
			name = "JY- 打造强大的BaseModel库";
			productName = "JY- 打造强大的BaseModel库";
			productReference = 5C92D47E1CFF1FD400BAF029 /* JY- 打造强大的BaseModel库 */;
			productType = "com.apple.product-type.tool";
		};
/* End PBXNativeTarget section */

/* Begin PBXProject section */
		5C92D4761CFF1FD400BAF029 /* Project object */ = {
			isa = PBXProject;
			attributes = {
				LastSwiftUpdateCheck = 0730;
				LastUpgradeCheck = 0730;
				ORGANIZATIONNAME = cyin;
				TargetAttributes = {
					5C92D47D1CFF1FD400BAF029 = {
						CreatedOnToolsVersion = 7.3.1;
					};
				};
			};
			buildConfigurationList = 5C92D4791CFF1FD400BAF029 /* Build configuration list for PBXProject "JY- 打造强大的BaseModel库" */;
			compatibilityVersion = "Xcode 3.2";
			developmentRegion = English;
			hasScannedForEncodings = 0;
			knownRegions = (
				en,
			);
			mainGroup = 5C92D4751CFF1FD400BAF029;
			productRefGroup = 5C92D47F1CFF1FD400BAF029 /* Products */;
			projectDirPath = "";
			projectRoot = "";
			targets = (
				5C92D47D1CFF1FD400BAF029 /* JY- 打造强大的BaseModel库 */,
			);
		};
/* End PBXProject section */

/* Begin PBXSourcesBuildPhase section */
		5C92D47A1CFF1FD400BAF029 /* Sources */ = {
			isa = PBXSourcesBuildPhase;
			buildActionMask = 2147483647;
			files = (
				5C92D4891CFF1FE700BAF029 /* GrandModel.swift in Sources */,
				5C92D4821CFF1FD400BAF029 /* main.swift in Sources */,
			);
			runOnlyForDeploymentPostprocessing = 0;
		};
/* End PBXSourcesBuildPhase section */

/* Begin XCBuildConfiguration section */
		5C92D4831CFF1FD400BAF029 /* Debug */ = {
			isa = XCBuildConfiguration;
			buildSettings = {
				ALWAYS_SEARCH_USER_PATHS = NO;
				CLANG_ANALYZER_NONNULL = YES;
				CLANG_CXX_LANGUAGE_STANDARD = "gnu++0x";
				CLANG_CXX_LIBRARY = "libc++";
				CLANG_ENABLE_MODULES = YES;
				CLANG_ENABLE_OBJC_ARC = YES;
				CLANG_WARN_BOOL_CONVERSION = YES;
				CLANG_WARN_CONSTANT_CONVERSION = YES;
				CLANG_WARN_DIRECT_OBJC_ISA_USAGE = YES_ERROR;
				CLANG_WARN_EMPTY_BODY = YES;
				CLANG_WARN_ENUM_CONVERSION = YES;
				CLANG_WARN_INT_CONVERSION = YES;
				CLANG_WARN_OBJC_ROOT_CLASS = YES_ERROR;
				CLANG_WARN_UNREACHABLE_CODE = YES;
				CLANG_WARN__DUPLICATE_METHOD_MATCH = YES;
				CODE_SIGN_IDENTITY = "-";
				COPY_PHASE_STRIP = NO;
				DEBUG_INFORMATION_FORMAT = dwarf;
				ENABLE_STRICT_OBJC_MSGSEND = YES;
				ENABLE_TESTABILITY = YES;
				GCC_C_LANGUAGE_STANDARD = gnu99;
				GCC_DYNAMIC_NO_PIC = NO;
				GCC_NO_COMMON_BLOCKS = YES;
				GCC_OPTIMIZATION_LEVEL = 0;
				GCC_PREPROCESSOR_DEFINITIONS = (
					"DEBUG=1",
					"$(inherited)",
				);
				GCC_WARN_64_TO_32_BIT_CONVERSION = YES;
				GCC_WARN_ABOUT_RETURN_TYPE = YES_ERROR;
				GCC_WARN_UNDECLARED_SELECTOR = YES;
				GCC_WARN_UNINITIALIZED_AUTOS = YES_AGGRESSIVE;
				GCC_WARN_UNUSED_FUNCTION = YES;
				GCC_WARN_UNUSED_VARIABLE = YES;
				MACOSX_DEPLOYMENT_TARGET = 10.11;
				MTL_ENABLE_DEBUG_INFO = YES;
				ONLY_ACTIVE_ARCH = YES;
				SDKROOT = macosx;
				SWIFT_OPTIMIZATION_LEVEL = "-Onone";
			};
			name = Debug;
		};
		5C92D4841CFF1FD400BAF029 /* Release */ = {
			isa = XCBuildConfiguration;
			buildSettings = {
				ALWAYS_SEARCH_USER_PATHS = NO;
				CLANG_ANALYZER_NONNULL = YES;
				CLANG_CXX_LANGUAGE_STANDARD = "gnu++0x";
				CLANG_CXX_LIBRARY = "libc++";
				CLANG_ENABLE_MODULES = YES;
				CLANG_ENABLE_OBJC_ARC = YES;
				CLANG_WARN_BOOL_CONVERSION = YES;
				CLANG_WARN_CONSTANT_CONVERSION = YES;
				CLANG_WARN_DIRECT_OBJC_ISA_USAGE = YES_ERROR;
				CLANG_WARN_EMPTY_BODY = YES;
				CLANG_WARN_ENUM_CONVERSION = YES;
				CLANG_WARN_INT_CONVERSION = YES;
				CLANG_WARN_OBJC_ROOT_CLASS = YES_ERROR;
				CLANG_WARN_UNREACHABLE_CODE = YES;
				CLANG_WARN__DUPLICATE_METHOD_MATCH = YES;
				CODE_SIGN_IDENTITY = "-";
				COPY_PHASE_STRIP = NO;
				DEBUG_INFORMATION_FORMAT = "dwarf-with-dsym";
				ENABLE_NS_ASSERTIONS = NO;
				ENABLE_STRICT_OBJC_MSGSEND = YES;
				GCC_C_LANGUAGE_STANDARD = gnu99;
				GCC_NO_COMMON_BLOCKS = YES;
				GCC_WARN_64_TO_32_BIT_CONVERSION = YES;
				GCC_WARN_ABOUT_RETURN_TYPE = YES_ERROR;
				GCC_WARN_UNDECLARED_SELECTOR = YES;
				GCC_WARN_UNINITIALIZED_AUTOS = YES_AGGRESSIVE;
				GCC_WARN_UNUSED_FUNCTION = YES;
				GCC_WARN_UNUSED_VARIABLE = YES;
				MACOSX_DEPLOYMENT_TARGET = 10.11;
				MTL_ENABLE_DEBUG_INFO = NO;
				SDKROOT = macosx;
			};
			name = Release;
		};
		5C92D4861CFF1FD400BAF029 /* Debug */ = {
			isa = XCBuildConfiguration;
			buildSettings = {
				PRODUCT_NAME = "$(TARGET_NAME)";
			};
			name = Debug;
		};
		5C92D4871CFF1FD400BAF029 /* Release */ = {
			isa = XCBuildConfiguration;
			buildSettings = {
				PRODUCT_NAME = "$(TARGET_NAME)";
			};
			name = Release;
		};
/* End XCBuildConfiguration section */

/* Begin XCConfigurationList section */
		5C92D4791CFF1FD400BAF029 /* Build configuration list for PBXProject "JY- 打造强大的BaseModel库" */ = {
			isa = XCConfigurationList;
			buildConfigurations = (
				5C92D4831CFF1FD400BAF029 /* Debug */,
				5C92D4841CFF1FD400BAF029 /* Release */,
			);
			defaultConfigurationIsVisible = 0;
			defaultConfigurationName = Release;
		};
		5C92D4851CFF1FD400BAF029 /* Build configuration list for PBXNativeTarget "JY- 打造强大的BaseModel库" */ = {
			isa = XCConfigurationList;
			buildConfigurations = (
				5C92D4861CFF1FD400BAF029 /* Debug */,
				5C92D4871CFF1FD400BAF029 /* Release */,
			);
			defaultConfigurationIsVisible = 0;
		};
/* End XCConfigurationList section */
	};
	rootObject = 5C92D4761CFF1FD400BAF029 /* Project object */;
}
