// !$*UTF8*$!
{
	archiveVersion = 1;
	classes = {
	};
	objectVersion = 46;
	objects = {

/* Begin PBXBuildFile section */
		5C6141B61C5FB77B00DBB2DE /* Person.swift in Sources */ = {isa = PBXBuildFile; fileRef = 5C6141B51C5FB77B00DBB2DE /* Person.swift */; };
		5C8DAB561C5EFF8B002FA98E /* AppDelegate.swift in Sources */ = {isa = PBXBuildFile; fileRef = 5C8DAB551C5EFF8B002FA98E /* AppDelegate.swift */; };
		5C8DAB581C5EFF8B002FA98E /* ViewController.swift in Sources */ = {isa = PBXBuildFile; fileRef = 5C8DAB571C5EFF8B002FA98E /* ViewController.swift */; };
		5C8DAB5B1C5EFF8B002FA98E /* Main.storyboard in Resources */ = {isa = PBXBuildFile; fileRef = 5C8DAB591C5EFF8B002FA98E /* Main.storyboard */; };
		5C8DAB5D1C5EFF8B002FA98E /* Assets.xcassets in Resources */ = {isa = PBXBuildFile; fileRef = 5C8DAB5C1C5EFF8B002FA98E /* Assets.xcassets */; };
		5C8DAB601C5EFF8B002FA98E /* LaunchScreen.storyboard in Resources */ = {isa = PBXBuildFile; fileRef = 5C8DAB5E1C5EFF8B002FA98E /* LaunchScreen.storyboard */; };
		5C8DAB681C5F037B002FA98E /* JYCollectionViewCell.swift in Sources */ = {isa = PBXBuildFile; fileRef = 5C8DAB671C5F037B002FA98E /* JYCollectionViewCell.swift */; };
/* End PBXBuildFile section */

/* Begin PBXFileReference section */
		5C6141B51C5FB77B00DBB2DE /* Person.swift */ = {isa = PBXFileReference; fileEncoding = 4; lastKnownFileType = sourcecode.swift; path = Person.swift; sourceTree = "<group>"; };
		5C8DAB521C5EFF8B002FA98E /* JYProject10.app */ = {isa = PBXFileReference; explicitFileType = wrapper.application; includeInIndex = 0; path = JYProject10.app; sourceTree = BUILT_PRODUCTS_DIR; };
		5C8DAB551C5EFF8B002FA98E /* AppDelegate.swift */ = {isa = PBXFileReference; lastKnownFileType = sourcecode.swift; path = AppDelegate.swift; sourceTree = "<group>"; };
		5C8DAB571C5EFF8B002FA98E /* ViewController.swift */ = {isa = PBXFileReference; lastKnownFileType = sourcecode.swift; path = ViewController.swift; sourceTree = "<group>"; };
		5C8DAB5A1C5EFF8B002FA98E /* Base */ = {isa = PBXFileReference; lastKnownFileType = file.storyboard; name = Base; path = Base.lproj/Main.storyboard; sourceTree = "<group>"; };
		5C8DAB5C1C5EFF8B002FA98E /* Assets.xcassets */ = {isa = PBXFileReference; lastKnownFileType = folder.assetcatalog; path = Assets.xcassets; sourceTree = "<group>"; };
		5C8DAB5F1C5EFF8B002FA98E /* Base */ = {isa = PBXFileReference; lastKnownFileType = file.storyboard; name = Base; path = Base.lproj/LaunchScreen.storyboard; sourceTree = "<group>"; };
		5C8DAB611C5EFF8B002FA98E /* Info.plist */ = {isa = PBXFileReference; lastKnownFileType = text.plist.xml; path = Info.plist; sourceTree = "<group>"; };
		5C8DAB671C5F037B002FA98E /* JYCollectionViewCell.swift */ = {isa = PBXFileReference; fileEncoding = 4; lastKnownFileType = sourcecode.swift; path = JYCollectionViewCell.swift; sourceTree = "<group>"; };
/* End PBXFileReference section */

/* Begin PBXFrameworksBuildPhase section */
		5C8DAB4F1C5EFF8B002FA98E /* Frameworks */ = {
			isa = PBXFrameworksBuildPhase;
			buildActionMask = 2147483647;
			files = (
			);
			runOnlyForDeploymentPostprocessing = 0;
		};
/* End PBXFrameworksBuildPhase section */

/* Begin PBXGroup section */
		5C8DAB491C5EFF8B002FA98E = {
			isa = PBXGroup;
			children = (
				5C8DAB541C5EFF8B002FA98E /* JYProject10 */,
				5C8DAB531C5EFF8B002FA98E /* Products */,
			);
			sourceTree = "<group>";
		};
		5C8DAB531C5EFF8B002FA98E /* Products */ = {
			isa = PBXGroup;
			children = (
				5C8DAB521C5EFF8B002FA98E /* JYProject10.app */,
			);
			name = Products;
			sourceTree = "<group>";
		};
		5C8DAB541C5EFF8B002FA98E /* JYProject10 */ = {
			isa = PBXGroup;
			children = (
				5C8DAB551C5EFF8B002FA98E /* AppDelegate.swift */,
				5C8DAB571C5EFF8B002FA98E /* ViewController.swift */,
				5C8DAB591C5EFF8B002FA98E /* Main.storyboard */,
				5C8DAB5C1C5EFF8B002FA98E /* Assets.xcassets */,
				5C8DAB5E1C5EFF8B002FA98E /* LaunchScreen.storyboard */,
				5C8DAB611C5EFF8B002FA98E /* Info.plist */,
				5C8DAB671C5F037B002FA98E /* JYCollectionViewCell.swift */,
				5C6141B51C5FB77B00DBB2DE /* Person.swift */,
			);
			path = JYProject10;
			sourceTree = "<group>";
		};
/* End PBXGroup section */

/* Begin PBXNativeTarget section */
		5C8DAB511C5EFF8B002FA98E /* JYProject10 */ = {
			isa = PBXNativeTarget;
			buildConfigurationList = 5C8DAB641C5EFF8B002FA98E /* Build configuration list for PBXNativeTarget "JYProject10" */;
			buildPhases = (
				5C8DAB4E1C5EFF8B002FA98E /* Sources */,
				5C8DAB4F1C5EFF8B002FA98E /* Frameworks */,
				5C8DAB501C5EFF8B002FA98E /* Resources */,
			);
			buildRules = (
			);
			dependencies = (
			);
			name = JYProject10;
			productName = JYProject10;
			productReference = 5C8DAB521C5EFF8B002FA98E /* JYProject10.app */;
			productType = "com.apple.product-type.application";
		};
/* End PBXNativeTarget section */

/* Begin PBXProject section */
		5C8DAB4A1C5EFF8B002FA98E /* Project object */ = {
			isa = PBXProject;
			attributes = {
				LastSwiftUpdateCheck = 0720;
				LastUpgradeCheck = 0720;
				ORGANIZATIONNAME = cyin;
				TargetAttributes = {
					5C8DAB511C5EFF8B002FA98E = {
						CreatedOnToolsVersion = 7.2;
						DevelopmentTeam = JE8CSGTB5D;
					};
				};
			};
			buildConfigurationList = 5C8DAB4D1C5EFF8B002FA98E /* Build configuration list for PBXProject "JYProject10" */;
			compatibilityVersion = "Xcode 3.2";
			developmentRegion = English;
			hasScannedForEncodings = 0;
			knownRegions = (
				en,
				Base,
			);
			mainGroup = 5C8DAB491C5EFF8B002FA98E;
			productRefGroup = 5C8DAB531C5EFF8B002FA98E /* Products */;
			projectDirPath = "";
			projectRoot = "";
			targets = (
				5C8DAB511C5EFF8B002FA98E /* JYProject10 */,
			);
		};
/* End PBXProject section */

/* Begin PBXResourcesBuildPhase section */
		5C8DAB501C5EFF8B002FA98E /* Resources */ = {
			isa = PBXResourcesBuildPhase;
			buildActionMask = 2147483647;
			files = (
				5C8DAB601C5EFF8B002FA98E /* LaunchScreen.storyboard in Resources */,
				5C8DAB5D1C5EFF8B002FA98E /* Assets.xcassets in Resources */,
				5C8DAB5B1C5EFF8B002FA98E /* Main.storyboard in Resources */,
			);
			runOnlyForDeploymentPostprocessing = 0;
		};
/* End PBXResourcesBuildPhase section */

/* Begin PBXSourcesBuildPhase section */
		5C8DAB4E1C5EFF8B002FA98E /* Sources */ = {
			isa = PBXSourcesBuildPhase;
			buildActionMask = 2147483647;
			files = (
				5C8DAB581C5EFF8B002FA98E /* ViewController.swift in Sources */,
				5C8DAB561C5EFF8B002FA98E /* AppDelegate.swift in Sources */,
				5C6141B61C5FB77B00DBB2DE /* Person.swift in Sources */,
				5C8DAB681C5F037B002FA98E /* JYCollectionViewCell.swift in Sources */,
			);
			runOnlyForDeploymentPostprocessing = 0;
		};
/* End PBXSourcesBuildPhase section */

/* Begin PBXVariantGroup section */
		5C8DAB591C5EFF8B002FA98E /* Main.storyboard */ = {
			isa = PBXVariantGroup;
			children = (
				5C8DAB5A1C5EFF8B002FA98E /* Base */,
			);
			name = Main.storyboard;
			sourceTree = "<group>";
		};
		5C8DAB5E1C5EFF8B002FA98E /* LaunchScreen.storyboard */ = {
			isa = PBXVariantGroup;
			children = (
				5C8DAB5F1C5EFF8B002FA98E /* Base */,
			);
			name = LaunchScreen.storyboard;
			sourceTree = "<group>";
		};
/* End PBXVariantGroup section */

/* Begin XCBuildConfiguration section */
		5C8DAB621C5EFF8B002FA98E /* Debug */ = {
			isa = XCBuildConfiguration;
			buildSettings = {
				ALWAYS_SEARCH_USER_PATHS = NO;
				CLANG_CXX_LANGUAGE_STANDARD = "gnu++0x";
				CLANG_CXX_LIBRARY = "libc++";
				CLANG_ENABLE_MODULES = YES;
				CLANG_ENABLE_OBJC_ARC = YES;
				CLANG_WARN_BOOL_CONVERSION = YES;
				CLANG_WARN_CONSTANT_CONVERSION = YES;
				CLANG_WARN_DIRECT_OBJC_ISA_USAGE = YES_ERROR;
				CLANG_WARN_EMPTY_BODY = YES;
				CLANG_WARN_ENUM_CONVERSION = YES;
				CLANG_WARN_INT_CONVERSION = YES;
				CLANG_WARN_OBJC_ROOT_CLASS = YES_ERROR;
				CLANG_WARN_UNREACHABLE_CODE = YES;
				CLANG_WARN__DUPLICATE_METHOD_MATCH = YES;
				"CODE_SIGN_IDENTITY[sdk=iphoneos*]" = "iPhone Developer";
				COPY_PHASE_STRIP = NO;
				DEBUG_INFORMATION_FORMAT = dwarf;
				ENABLE_STRICT_OBJC_MSGSEND = YES;
				ENABLE_TESTABILITY = YES;
				GCC_C_LANGUAGE_STANDARD = gnu99;
				GCC_DYNAMIC_NO_PIC = NO;
				GCC_NO_COMMON_BLOCKS = YES;
				GCC_OPTIMIZATION_LEVEL = 0;
				GCC_PREPROCESSOR_DEFINITIONS = (
					"DEBUG=1",
					"$(inherited)",
				);
				GCC_WARN_64_TO_32_BIT_CONVERSION = YES;
				GCC_WARN_ABOUT_RETURN_TYPE = YES_ERROR;
				GCC_WARN_UNDECLARED_SELECTOR = YES;
				GCC_WARN_UNINITIALIZED_AUTOS = YES_AGGRESSIVE;
				GCC_WARN_UNUSED_FUNCTION = YES;
				GCC_WARN_UNUSED_VARIABLE = YES;
				IPHONEOS_DEPLOYMENT_TARGET = 9.2;
				MTL_ENABLE_DEBUG_INFO = YES;
				ONLY_ACTIVE_ARCH = YES;
				SDKROOT = iphoneos;
				SWIFT_OPTIMIZATION_LEVEL = "-Onone";
			};
			name = Debug;
		};
		5C8DAB631C5EFF8B002FA98E /* Release */ = {
			isa = XCBuildConfiguration;
			buildSettings = {
				ALWAYS_SEARCH_USER_PATHS = NO;
				CLANG_CXX_LANGUAGE_STANDARD = "gnu++0x";
				CLANG_CXX_LIBRARY = "libc++";
				CLANG_ENABLE_MODULES = YES;
				CLANG_ENABLE_OBJC_ARC = YES;
				CLANG_WARN_BOOL_CONVERSION = YES;
				CLANG_WARN_CONSTANT_CONVERSION = YES;
				CLANG_WARN_DIRECT_OBJC_ISA_USAGE = YES_ERROR;
				CLANG_WARN_EMPTY_BODY = YES;
				CLANG_WARN_ENUM_CONVERSION = YES;
				CLANG_WARN_INT_CONVERSION = YES;
				CLANG_WARN_OBJC_ROOT_CLASS = YES_ERROR;
				CLANG_WARN_UNREACHABLE_CODE = YES;
				CLANG_WARN__DUPLICATE_METHOD_MATCH = YES;
				"CODE_SIGN_IDENTITY[sdk=iphoneos*]" = "iPhone Developer";
				COPY_PHASE_STRIP = NO;
				DEBUG_INFORMATION_FORMAT = "dwarf-with-dsym";
				ENABLE_NS_ASSERTIONS = NO;
				ENABLE_STRICT_OBJC_MSGSEND = YES;
				GCC_C_LANGUAGE_STANDARD = gnu99;
				GCC_NO_COMMON_BLOCKS = YES;
				GCC_WARN_64_TO_32_BIT_CONVERSION = YES;
				GCC_WARN_ABOUT_RETURN_TYPE = YES_ERROR;
				GCC_WARN_UNDECLARED_SELECTOR = YES;
				GCC_WARN_UNINITIALIZED_AUTOS = YES_AGGRESSIVE;
				GCC_WARN_UNUSED_FUNCTION = YES;
				GCC_WARN_UNUSED_VARIABLE = YES;
				IPHONEOS_DEPLOYMENT_TARGET = 9.2;
				MTL_ENABLE_DEBUG_INFO = NO;
				SDKROOT = iphoneos;
				VALIDATE_PRODUCT = YES;
			};
			name = Release;
		};
		5C8DAB651C5EFF8B002FA98E /* Debug */ = {
			isa = XCBuildConfiguration;
			buildSettings = {
				ASSETCATALOG_COMPILER_APPICON_NAME = AppIcon;
				INFOPLIST_FILE = JYProject10/Info.plist;
				LD_RUNPATH_SEARCH_PATHS = "$(inherited) @executable_path/Frameworks";
				PRODUCT_BUNDLE_IDENTIFIER = io.cyin.JYProject10;
				PRODUCT_NAME = "$(TARGET_NAME)";
				TARGETED_DEVICE_FAMILY = 2;
			};
			name = Debug;
		};
		5C8DAB661C5EFF8B002FA98E /* Release */ = {
			isa = XCBuildConfiguration;
			buildSettings = {
				ASSETCATALOG_COMPILER_APPICON_NAME = AppIcon;
				INFOPLIST_FILE = JYProject10/Info.plist;
				LD_RUNPATH_SEARCH_PATHS = "$(inherited) @executable_path/Frameworks";
				PRODUCT_BUNDLE_IDENTIFIER = io.cyin.JYProject10;
				PRODUCT_NAME = "$(TARGET_NAME)";
				TARGETED_DEVICE_FAMILY = 2;
			};
			name = Release;
		};
/* End XCBuildConfiguration section */

/* Begin XCConfigurationList section */
		5C8DAB4D1C5EFF8B002FA98E /* Build configuration list for PBXProject "JYProject10" */ = {
			isa = XCConfigurationList;
			buildConfigurations = (
				5C8DAB621C5EFF8B002FA98E /* Debug */,
				5C8DAB631C5EFF8B002FA98E /* Release */,
			);
			defaultConfigurationIsVisible = 0;
			defaultConfigurationName = Release;
		};
		5C8DAB641C5EFF8B002FA98E /* Build configuration list for PBXNativeTarget "JYProject10" */ = {
			isa = XCConfigurationList;
			buildConfigurations = (
				5C8DAB651C5EFF8B002FA98E /* Debug */,
				5C8DAB661C5EFF8B002FA98E /* Release */,
			);
			defaultConfigurationIsVisible = 0;
			defaultConfigurationName = Release;
		};
/* End XCConfigurationList section */
	};
	rootObject = 5C8DAB4A1C5EFF8B002FA98E /* Project object */;
}
