// !$*UTF8*$!
{
	archiveVersion = 1;
	classes = {
	};
	objectVersion = 46;
	objects = {

/* Begin PBXBuildFile section */
		5C118AA11CE3744200510AEA /* AppDelegate.swift in Sources */ = {isa = PBXBuildFile; fileRef = 5C118AA01CE3744200510AEA /* AppDelegate.swift */; };
		5C118AA31CE3744200510AEA /* ViewController.swift in Sources */ = {isa = PBXBuildFile; fileRef = 5C118AA21CE3744200510AEA /* ViewController.swift */; };
		5C118AA61CE3744200510AEA /* Main.storyboard in Resources */ = {isa = PBXBuildFile; fileRef = 5C118AA41CE3744200510AEA /* Main.storyboard */; };
		5C118AA81CE3744200510AEA /* Assets.xcassets in Resources */ = {isa = PBXBuildFile; fileRef = 5C118AA71CE3744200510AEA /* Assets.xcassets */; };
		5C118AAB1CE3744200510AEA /* LaunchScreen.storyboard in Resources */ = {isa = PBXBuildFile; fileRef = 5C118AA91CE3744200510AEA /* LaunchScreen.storyboard */; };
/* End PBXBuildFile section */

/* Begin PBXFileReference section */
		5C118A9D1CE3744200510AEA /* JYVFLProject.app */ = {isa = PBXFileReference; explicitFileType = wrapper.application; includeInIndex = 0; path = JYVFLProject.app; sourceTree = BUILT_PRODUCTS_DIR; };
		5C118AA01CE3744200510AEA /* AppDelegate.swift */ = {isa = PBXFileReference; lastKnownFileType = sourcecode.swift; path = AppDelegate.swift; sourceTree = "<group>"; };
		5C118AA21CE3744200510AEA /* ViewController.swift */ = {isa = PBXFileReference; lastKnownFileType = sourcecode.swift; path = ViewController.swift; sourceTree = "<group>"; };
		5C118AA51CE3744200510AEA /* Base */ = {isa = PBXFileReference; lastKnownFileType = file.storyboard; name = Base; path = Base.lproj/Main.storyboard; sourceTree = "<group>"; };
		5C118AA71CE3744200510AEA /* Assets.xcassets */ = {isa = PBXFileReference; lastKnownFileType = folder.assetcatalog; path = Assets.xcassets; sourceTree = "<group>"; };
		5C118AAA1CE3744200510AEA /* Base */ = {isa = PBXFileReference; lastKnownFileType = file.storyboard; name = Base; path = Base.lproj/LaunchScreen.storyboard; sourceTree = "<group>"; };
		5C118AAC1CE3744200510AEA /* Info.plist */ = {isa = PBXFileReference; lastKnownFileType = text.plist.xml; path = Info.plist; sourceTree = "<group>"; };
/* End PBXFileReference section */

/* Begin PBXFrameworksBuildPhase section */
		5C118A9A1CE3744200510AEA /* Frameworks */ = {
			isa = PBXFrameworksBuildPhase;
			buildActionMask = 2147483647;
			files = (
			);
			runOnlyForDeploymentPostprocessing = 0;
		};
/* End PBXFrameworksBuildPhase section */

/* Begin PBXGroup section */
		5C118A941CE3744200510AEA = {
			isa = PBXGroup;
			children = (
				5C118A9F1CE3744200510AEA /* JYVFLProject */,
				5C118A9E1CE3744200510AEA /* Products */,
			);
			sourceTree = "<group>";
		};
		5C118A9E1CE3744200510AEA /* Products */ = {
			isa = PBXGroup;
			children = (
				5C118A9D1CE3744200510AEA /* JYVFLProject.app */,
			);
			name = Products;
			sourceTree = "<group>";
		};
		5C118A9F1CE3744200510AEA /* JYVFLProject */ = {
			isa = PBXGroup;
			children = (
				5C118AA01CE3744200510AEA /* AppDelegate.swift */,
				5C118AA21CE3744200510AEA /* ViewController.swift */,
				5C118AA41CE3744200510AEA /* Main.storyboard */,
				5C118AA71CE3744200510AEA /* Assets.xcassets */,
				5C118AA91CE3744200510AEA /* LaunchScreen.storyboard */,
				5C118AAC1CE3744200510AEA /* Info.plist */,
			);
			path = JYVFLProject;
			sourceTree = "<group>";
		};
/* End PBXGroup section */

/* Begin PBXNativeTarget section */
		5C118A9C1CE3744200510AEA /* JYVFLProject */ = {
			isa = PBXNativeTarget;
			buildConfigurationList = 5C118AAF1CE3744200510AEA /* Build configuration list for PBXNativeTarget "JYVFLProject" */;
			buildPhases = (
				5C118A991CE3744200510AEA /* Sources */,
				5C118A9A1CE3744200510AEA /* Frameworks */,
				5C118A9B1CE3744200510AEA /* Resources */,
			);
			buildRules = (
			);
			dependencies = (
			);
			name = JYVFLProject;
			productName = JYVFLProject;
			productReference = 5C118A9D1CE3744200510AEA /* JYVFLProject.app */;
			productType = "com.apple.product-type.application";
		};
/* End PBXNativeTarget section */

/* Begin PBXProject section */
		5C118A951CE3744200510AEA /* Project object */ = {
			isa = PBXProject;
			attributes = {
				LastSwiftUpdateCheck = 0730;
				LastUpgradeCheck = 0730;
				ORGANIZATIONNAME = cyin;
				TargetAttributes = {
					5C118A9C1CE3744200510AEA = {
						CreatedOnToolsVersion = 7.3.1;
						DevelopmentTeam = JE8CSGTB5D;
					};
				};
			};
			buildConfigurationList = 5C118A981CE3744200510AEA /* Build configuration list for PBXProject "JYVFLProject" */;
			compatibilityVersion = "Xcode 3.2";
			developmentRegion = English;
			hasScannedForEncodings = 0;
			knownRegions = (
				en,
				Base,
			);
			mainGroup = 5C118A941CE3744200510AEA;
			productRefGroup = 5C118A9E1CE3744200510AEA /* Products */;
			projectDirPath = "";
			projectRoot = "";
			targets = (
				5C118A9C1CE3744200510AEA /* JYVFLProject */,
			);
		};
/* End PBXProject section */

/* Begin PBXResourcesBuildPhase section */
		5C118A9B1CE3744200510AEA /* Resources */ = {
			isa = PBXResourcesBuildPhase;
			buildActionMask = 2147483647;
			files = (
				5C118AAB1CE3744200510AEA /* LaunchScreen.storyboard in Resources */,
				5C118AA81CE3744200510AEA /* Assets.xcassets in Resources */,
				5C118AA61CE3744200510AEA /* Main.storyboard in Resources */,
			);
			runOnlyForDeploymentPostprocessing = 0;
		};
/* End PBXResourcesBuildPhase section */

/* Begin PBXSourcesBuildPhase section */
		5C118A991CE3744200510AEA /* Sources */ = {
			isa = PBXSourcesBuildPhase;
			buildActionMask = 2147483647;
			files = (
				5C118AA31CE3744200510AEA /* ViewController.swift in Sources */,
				5C118AA11CE3744200510AEA /* AppDelegate.swift in Sources */,
			);
			runOnlyForDeploymentPostprocessing = 0;
		};
/* End PBXSourcesBuildPhase section */

/* Begin PBXVariantGroup section */
		5C118AA41CE3744200510AEA /* Main.storyboard */ = {
			isa = PBXVariantGroup;
			children = (
				5C118AA51CE3744200510AEA /* Base */,
			);
			name = Main.storyboard;
			sourceTree = "<group>";
		};
		5C118AA91CE3744200510AEA /* LaunchScreen.storyboard */ = {
			isa = PBXVariantGroup;
			children = (
				5C118AAA1CE3744200510AEA /* Base */,
			);
			name = LaunchScreen.storyboard;
			sourceTree = "<group>";
		};
/* End PBXVariantGroup section */

/* Begin XCBuildConfiguration section */
		5C118AAD1CE3744200510AEA /* Debug */ = {
			isa = XCBuildConfiguration;
			buildSettings = {
				ALWAYS_SEARCH_USER_PATHS = NO;
				CLANG_ANALYZER_NONNULL = YES;
				CLANG_CXX_LANGUAGE_STANDARD = "gnu++0x";
				CLANG_CXX_LIBRARY = "libc++";
				CLANG_ENABLE_MODULES = YES;
				CLANG_ENABLE_OBJC_ARC = YES;
				CLANG_WARN_BOOL_CONVERSION = YES;
				CLANG_WARN_CONSTANT_CONVERSION = YES;
				CLANG_WARN_DIRECT_OBJC_ISA_USAGE = YES_ERROR;
				CLANG_WARN_EMPTY_BODY = YES;
				CLANG_WARN_ENUM_CONVERSION = YES;
				CLANG_WARN_INT_CONVERSION = YES;
				CLANG_WARN_OBJC_ROOT_CLASS = YES_ERROR;
				CLANG_WARN_UNREACHABLE_CODE = YES;
				CLANG_WARN__DUPLICATE_METHOD_MATCH = YES;
				"CODE_SIGN_IDENTITY[sdk=iphoneos*]" = "iPhone Developer";
				COPY_PHASE_STRIP = NO;
				DEBUG_INFORMATION_FORMAT = dwarf;
				ENABLE_STRICT_OBJC_MSGSEND = YES;
				ENABLE_TESTABILITY = YES;
				GCC_C_LANGUAGE_STANDARD = gnu99;
				GCC_DYNAMIC_NO_PIC = NO;
				GCC_NO_COMMON_BLOCKS = YES;
				GCC_OPTIMIZATION_LEVEL = 0;
				GCC_PREPROCESSOR_DEFINITIONS = (
					"DEBUG=1",
					"$(inherited)",
				);
				GCC_WARN_64_TO_32_BIT_CONVERSION = YES;
				GCC_WARN_ABOUT_RETURN_TYPE = YES_ERROR;
				GCC_WARN_UNDECLARED_SELECTOR = YES;
				GCC_WARN_UNINITIALIZED_AUTOS = YES_AGGRESSIVE;
				GCC_WARN_UNUSED_FUNCTION = YES;
				GCC_WARN_UNUSED_VARIABLE = YES;
				IPHONEOS_DEPLOYMENT_TARGET = 9.3;
				MTL_ENABLE_DEBUG_INFO = YES;
				ONLY_ACTIVE_ARCH = YES;
				SDKROOT = iphoneos;
				SWIFT_OPTIMIZATION_LEVEL = "-Onone";
			};
			name = Debug;
		};
		5C118AAE1CE3744200510AEA /* Release */ = {
			isa = XCBuildConfiguration;
			buildSettings = {
				ALWAYS_SEARCH_USER_PATHS = NO;
				CLANG_ANALYZER_NONNULL = YES;
				CLANG_CXX_LANGUAGE_STANDARD = "gnu++0x";
				CLANG_CXX_LIBRARY = "libc++";
				CLANG_ENABLE_MODULES = YES;
				CLANG_ENABLE_OBJC_ARC = YES;
				CLANG_WARN_BOOL_CONVERSION = YES;
				CLANG_WARN_CONSTANT_CONVERSION = YES;
				CLANG_WARN_DIRECT_OBJC_ISA_USAGE = YES_ERROR;
				CLANG_WARN_EMPTY_BODY = YES;
				CLANG_WARN_ENUM_CONVERSION = YES;
				CLANG_WARN_INT_CONVERSION = YES;
				CLANG_WARN_OBJC_ROOT_CLASS = YES_ERROR;
				CLANG_WARN_UNREACHABLE_CODE = YES;
				CLANG_WARN__DUPLICATE_METHOD_MATCH = YES;
				"CODE_SIGN_IDENTITY[sdk=iphoneos*]" = "iPhone Developer";
				COPY_PHASE_STRIP = NO;
				DEBUG_INFORMATION_FORMAT = "dwarf-with-dsym";
				ENABLE_NS_ASSERTIONS = NO;
				ENABLE_STRICT_OBJC_MSGSEND = YES;
				GCC_C_LANGUAGE_STANDARD = gnu99;
				GCC_NO_COMMON_BLOCKS = YES;
				GCC_WARN_64_TO_32_BIT_CONVERSION = YES;
				GCC_WARN_ABOUT_RETURN_TYPE = YES_ERROR;
				GCC_WARN_UNDECLARED_SELECTOR = YES;
				GCC_WARN_UNINITIALIZED_AUTOS = YES_AGGRESSIVE;
				GCC_WARN_UNUSED_FUNCTION = YES;
				GCC_WARN_UNUSED_VARIABLE = YES;
				IPHONEOS_DEPLOYMENT_TARGET = 9.3;
				MTL_ENABLE_DEBUG_INFO = NO;
				SDKROOT = iphoneos;
				VALIDATE_PRODUCT = YES;
			};
			name = Release;
		};
		5C118AB01CE3744200510AEA /* Debug */ = {
			isa = XCBuildConfiguration;
			buildSettings = {
				ASSETCATALOG_COMPILER_APPICON_NAME = AppIcon;
				INFOPLIST_FILE = JYVFLProject/Info.plist;
				LD_RUNPATH_SEARCH_PATHS = "$(inherited) @executable_path/Frameworks";
				PRODUCT_BUNDLE_IDENTIFIER = io.cyin.JYVFLProject;
				PRODUCT_NAME = "$(TARGET_NAME)";
			};
			name = Debug;
		};
		5C118AB11CE3744200510AEA /* Release */ = {
			isa = XCBuildConfiguration;
			buildSettings = {
				ASSETCATALOG_COMPILER_APPICON_NAME = AppIcon;
				INFOPLIST_FILE = JYVFLProject/Info.plist;
				LD_RUNPATH_SEARCH_PATHS = "$(inherited) @executable_path/Frameworks";
				PRODUCT_BUNDLE_IDENTIFIER = io.cyin.JYVFLProject;
				PRODUCT_NAME = "$(TARGET_NAME)";
			};
			name = Release;
		};
/* End XCBuildConfiguration section */

/* Begin XCConfigurationList section */
		5C118A981CE3744200510AEA /* Build configuration list for PBXProject "JYVFLProject" */ = {
			isa = XCConfigurationList;
			buildConfigurations = (
				5C118AAD1CE3744200510AEA /* Debug */,
				5C118AAE1CE3744200510AEA /* Release */,
			);
			defaultConfigurationIsVisible = 0;
			defaultConfigurationName = Release;
		};
		5C118AAF1CE3744200510AEA /* Build configuration list for PBXNativeTarget "JYVFLProject" */ = {
			isa = XCConfigurationList;
			buildConfigurations = (
				5C118AB01CE3744200510AEA /* Debug */,
				5C118AB11CE3744200510AEA /* Release */,
			);
			defaultConfigurationIsVisible = 0;
		};
/* End XCConfigurationList section */
	};
	rootObject = 5C118A951CE3744200510AEA /* Project object */;
}
