// !$*UTF8*$!
{
	archiveVersion = 1;
	classes = {
	};
	objectVersion = 46;
	objects = {

/* Begin PBXBuildFile section */
		5C9C5BB21CBE720000E91D5B /* AppDelegate.swift in Sources */ = {isa = PBXBuildFile; fileRef = 5C9C5BB11CBE720000E91D5B /* AppDelegate.swift */; };
		5C9C5BB41CBE720000E91D5B /* ViewController.swift in Sources */ = {isa = PBXBuildFile; fileRef = 5C9C5BB31CBE720000E91D5B /* ViewController.swift */; };
		5C9C5BB71CBE720000E91D5B /* Main.storyboard in Resources */ = {isa = PBXBuildFile; fileRef = 5C9C5BB51CBE720000E91D5B /* Main.storyboard */; };
		5C9C5BB91CBE720000E91D5B /* Assets.xcassets in Resources */ = {isa = PBXBuildFile; fileRef = 5C9C5BB81CBE720000E91D5B /* Assets.xcassets */; };
		5C9C5BBC1CBE720000E91D5B /* LaunchScreen.storyboard in Resources */ = {isa = PBXBuildFile; fileRef = 5C9C5BBA1CBE720000E91D5B /* LaunchScreen.storyboard */; };
		5C9C5BC41CBE729500E91D5B /* TopicsTableViewController.swift in Sources */ = {isa = PBXBuildFile; fileRef = 5C9C5BC31CBE729500E91D5B /* TopicsTableViewController.swift */; };
		5C9C5BC61CBE72B800E91D5B /* TutorialViewController.swift in Sources */ = {isa = PBXBuildFile; fileRef = 5C9C5BC51CBE72B800E91D5B /* TutorialViewController.swift */; };
		5C9C5BC81CBE72D300E91D5B /* ContainerViewController.swift in Sources */ = {isa = PBXBuildFile; fileRef = 5C9C5BC71CBE72D300E91D5B /* ContainerViewController.swift */; };
		5C9C5BCA1CBE72EE00E91D5B /* JYXMLParser.swift in Sources */ = {isa = PBXBuildFile; fileRef = 5C9C5BC91CBE72EE00E91D5B /* JYXMLParser.swift */; };
/* End PBXBuildFile section */

/* Begin PBXFileReference section */
		5C9C5BAE1CBE720000E91D5B /* JYXMLDemo.app */ = {isa = PBXFileReference; explicitFileType = wrapper.application; includeInIndex = 0; path = JYXMLDemo.app; sourceTree = BUILT_PRODUCTS_DIR; };
		5C9C5BB11CBE720000E91D5B /* AppDelegate.swift */ = {isa = PBXFileReference; lastKnownFileType = sourcecode.swift; path = AppDelegate.swift; sourceTree = "<group>"; };
		5C9C5BB31CBE720000E91D5B /* ViewController.swift */ = {isa = PBXFileReference; lastKnownFileType = sourcecode.swift; path = ViewController.swift; sourceTree = "<group>"; };
		5C9C5BB61CBE720000E91D5B /* Base */ = {isa = PBXFileReference; lastKnownFileType = file.storyboard; name = Base; path = Base.lproj/Main.storyboard; sourceTree = "<group>"; };
		5C9C5BB81CBE720000E91D5B /* Assets.xcassets */ = {isa = PBXFileReference; lastKnownFileType = folder.assetcatalog; path = Assets.xcassets; sourceTree = "<group>"; };
		5C9C5BBB1CBE720000E91D5B /* Base */ = {isa = PBXFileReference; lastKnownFileType = file.storyboard; name = Base; path = Base.lproj/LaunchScreen.storyboard; sourceTree = "<group>"; };
		5C9C5BBD1CBE720000E91D5B /* Info.plist */ = {isa = PBXFileReference; lastKnownFileType = text.plist.xml; path = Info.plist; sourceTree = "<group>"; };
		5C9C5BC31CBE729500E91D5B /* TopicsTableViewController.swift */ = {isa = PBXFileReference; fileEncoding = 4; lastKnownFileType = sourcecode.swift; path = TopicsTableViewController.swift; sourceTree = "<group>"; };
		5C9C5BC51CBE72B800E91D5B /* TutorialViewController.swift */ = {isa = PBXFileReference; fileEncoding = 4; lastKnownFileType = sourcecode.swift; path = TutorialViewController.swift; sourceTree = "<group>"; };
		5C9C5BC71CBE72D300E91D5B /* ContainerViewController.swift */ = {isa = PBXFileReference; fileEncoding = 4; lastKnownFileType = sourcecode.swift; path = ContainerViewController.swift; sourceTree = "<group>"; };
		5C9C5BC91CBE72EE00E91D5B /* JYXMLParser.swift */ = {isa = PBXFileReference; fileEncoding = 4; lastKnownFileType = sourcecode.swift; path = JYXMLParser.swift; sourceTree = "<group>"; };
/* End PBXFileReference section */

/* Begin PBXFrameworksBuildPhase section */
		5C9C5BAB1CBE71FF00E91D5B /* Frameworks */ = {
			isa = PBXFrameworksBuildPhase;
			buildActionMask = 2147483647;
			files = (
			);
			runOnlyForDeploymentPostprocessing = 0;
		};
/* End PBXFrameworksBuildPhase section */

/* Begin PBXGroup section */
		5C9C5BA51CBE71FF00E91D5B = {
			isa = PBXGroup;
			children = (
				5C9C5BB01CBE720000E91D5B /* JYXMLDemo */,
				5C9C5BAF1CBE720000E91D5B /* Products */,
			);
			sourceTree = "<group>";
		};
		5C9C5BAF1CBE720000E91D5B /* Products */ = {
			isa = PBXGroup;
			children = (
				5C9C5BAE1CBE720000E91D5B /* JYXMLDemo.app */,
			);
			name = Products;
			sourceTree = "<group>";
		};
		5C9C5BB01CBE720000E91D5B /* JYXMLDemo */ = {
			isa = PBXGroup;
			children = (
				5C9C5BB11CBE720000E91D5B /* AppDelegate.swift */,
				5C9C5BB31CBE720000E91D5B /* ViewController.swift */,
				5C9C5BB51CBE720000E91D5B /* Main.storyboard */,
				5C9C5BB81CBE720000E91D5B /* Assets.xcassets */,
				5C9C5BBA1CBE720000E91D5B /* LaunchScreen.storyboard */,
				5C9C5BBD1CBE720000E91D5B /* Info.plist */,
				5C9C5BC31CBE729500E91D5B /* TopicsTableViewController.swift */,
				5C9C5BC51CBE72B800E91D5B /* TutorialViewController.swift */,
				5C9C5BC71CBE72D300E91D5B /* ContainerViewController.swift */,
				5C9C5BC91CBE72EE00E91D5B /* JYXMLParser.swift */,
			);
			path = JYXMLDemo;
			sourceTree = "<group>";
		};
/* End PBXGroup section */

/* Begin PBXNativeTarget section */
		5C9C5BAD1CBE71FF00E91D5B /* JYXMLDemo */ = {
			isa = PBXNativeTarget;
			buildConfigurationList = 5C9C5BC01CBE720000E91D5B /* Build configuration list for PBXNativeTarget "JYXMLDemo" */;
			buildPhases = (
				5C9C5BAA1CBE71FF00E91D5B /* Sources */,
				5C9C5BAB1CBE71FF00E91D5B /* Frameworks */,
				5C9C5BAC1CBE71FF00E91D5B /* Resources */,
			);
			buildRules = (
			);
			dependencies = (
			);
			name = JYXMLDemo;
			productName = JYXMLDemo;
			productReference = 5C9C5BAE1CBE720000E91D5B /* JYXMLDemo.app */;
			productType = "com.apple.product-type.application";
		};
/* End PBXNativeTarget section */

/* Begin PBXProject section */
		5C9C5BA61CBE71FF00E91D5B /* Project object */ = {
			isa = PBXProject;
			attributes = {
				LastSwiftUpdateCheck = 0730;
				LastUpgradeCheck = 0730;
				ORGANIZATIONNAME = cyin;
				TargetAttributes = {
					5C9C5BAD1CBE71FF00E91D5B = {
						CreatedOnToolsVersion = 7.3;
						DevelopmentTeam = JE8CSGTB5D;
					};
				};
			};
			buildConfigurationList = 5C9C5BA91CBE71FF00E91D5B /* Build configuration list for PBXProject "JYXMLDemo" */;
			compatibilityVersion = "Xcode 3.2";
			developmentRegion = English;
			hasScannedForEncodings = 0;
			knownRegions = (
				en,
				Base,
			);
			mainGroup = 5C9C5BA51CBE71FF00E91D5B;
			productRefGroup = 5C9C5BAF1CBE720000E91D5B /* Products */;
			projectDirPath = "";
			projectRoot = "";
			targets = (
				5C9C5BAD1CBE71FF00E91D5B /* JYXMLDemo */,
			);
		};
/* End PBXProject section */

/* Begin PBXResourcesBuildPhase section */
		5C9C5BAC1CBE71FF00E91D5B /* Resources */ = {
			isa = PBXResourcesBuildPhase;
			buildActionMask = 2147483647;
			files = (
				5C9C5BBC1CBE720000E91D5B /* LaunchScreen.storyboard in Resources */,
				5C9C5BB91CBE720000E91D5B /* Assets.xcassets in Resources */,
				5C9C5BB71CBE720000E91D5B /* Main.storyboard in Resources */,
			);
			runOnlyForDeploymentPostprocessing = 0;
		};
/* End PBXResourcesBuildPhase section */

/* Begin PBXSourcesBuildPhase section */
		5C9C5BAA1CBE71FF00E91D5B /* Sources */ = {
			isa = PBXSourcesBuildPhase;
			buildActionMask = 2147483647;
			files = (
				5C9C5BC41CBE729500E91D5B /* TopicsTableViewController.swift in Sources */,
				5C9C5BB41CBE720000E91D5B /* ViewController.swift in Sources */,
				5C9C5BC81CBE72D300E91D5B /* ContainerViewController.swift in Sources */,
				5C9C5BCA1CBE72EE00E91D5B /* JYXMLParser.swift in Sources */,
				5C9C5BC61CBE72B800E91D5B /* TutorialViewController.swift in Sources */,
				5C9C5BB21CBE720000E91D5B /* AppDelegate.swift in Sources */,
			);
			runOnlyForDeploymentPostprocessing = 0;
		};
/* End PBXSourcesBuildPhase section */

/* Begin PBXVariantGroup section */
		5C9C5BB51CBE720000E91D5B /* Main.storyboard */ = {
			isa = PBXVariantGroup;
			children = (
				5C9C5BB61CBE720000E91D5B /* Base */,
			);
			name = Main.storyboard;
			sourceTree = "<group>";
		};
		5C9C5BBA1CBE720000E91D5B /* LaunchScreen.storyboard */ = {
			isa = PBXVariantGroup;
			children = (
				5C9C5BBB1CBE720000E91D5B /* Base */,
			);
			name = LaunchScreen.storyboard;
			sourceTree = "<group>";
		};
/* End PBXVariantGroup section */

/* Begin XCBuildConfiguration section */
		5C9C5BBE1CBE720000E91D5B /* Debug */ = {
			isa = XCBuildConfiguration;
			buildSettings = {
				ALWAYS_SEARCH_USER_PATHS = NO;
				CLANG_ANALYZER_NONNULL = YES;
				CLANG_CXX_LANGUAGE_STANDARD = "gnu++0x";
				CLANG_CXX_LIBRARY = "libc++";
				CLANG_ENABLE_MODULES = YES;
				CLANG_ENABLE_OBJC_ARC = YES;
				CLANG_WARN_BOOL_CONVERSION = YES;
				CLANG_WARN_CONSTANT_CONVERSION = YES;
				CLANG_WARN_DIRECT_OBJC_ISA_USAGE = YES_ERROR;
				CLANG_WARN_EMPTY_BODY = YES;
				CLANG_WARN_ENUM_CONVERSION = YES;
				CLANG_WARN_INT_CONVERSION = YES;
				CLANG_WARN_OBJC_ROOT_CLASS = YES_ERROR;
				CLANG_WARN_UNREACHABLE_CODE = YES;
				CLANG_WARN__DUPLICATE_METHOD_MATCH = YES;
				"CODE_SIGN_IDENTITY[sdk=iphoneos*]" = "iPhone Developer";
				COPY_PHASE_STRIP = NO;
				DEBUG_INFORMATION_FORMAT = dwarf;
				ENABLE_STRICT_OBJC_MSGSEND = YES;
				ENABLE_TESTABILITY = YES;
				GCC_C_LANGUAGE_STANDARD = gnu99;
				GCC_DYNAMIC_NO_PIC = NO;
				GCC_NO_COMMON_BLOCKS = YES;
				GCC_OPTIMIZATION_LEVEL = 0;
				GCC_PREPROCESSOR_DEFINITIONS = (
					"DEBUG=1",
					"$(inherited)",
				);
				GCC_WARN_64_TO_32_BIT_CONVERSION = YES;
				GCC_WARN_ABOUT_RETURN_TYPE = YES_ERROR;
				GCC_WARN_UNDECLARED_SELECTOR = YES;
				GCC_WARN_UNINITIALIZED_AUTOS = YES_AGGRESSIVE;
				GCC_WARN_UNUSED_FUNCTION = YES;
				GCC_WARN_UNUSED_VARIABLE = YES;
				IPHONEOS_DEPLOYMENT_TARGET = 9.3;
				MTL_ENABLE_DEBUG_INFO = YES;
				ONLY_ACTIVE_ARCH = YES;
				SDKROOT = iphoneos;
				SWIFT_OPTIMIZATION_LEVEL = "-Onone";
			};
			name = Debug;
		};
		5C9C5BBF1CBE720000E91D5B /* Release */ = {
			isa = XCBuildConfiguration;
			buildSettings = {
				ALWAYS_SEARCH_USER_PATHS = NO;
				CLANG_ANALYZER_NONNULL = YES;
				CLANG_CXX_LANGUAGE_STANDARD = "gnu++0x";
				CLANG_CXX_LIBRARY = "libc++";
				CLANG_ENABLE_MODULES = YES;
				CLANG_ENABLE_OBJC_ARC = YES;
				CLANG_WARN_BOOL_CONVERSION = YES;
				CLANG_WARN_CONSTANT_CONVERSION = YES;
				CLANG_WARN_DIRECT_OBJC_ISA_USAGE = YES_ERROR;
				CLANG_WARN_EMPTY_BODY = YES;
				CLANG_WARN_ENUM_CONVERSION = YES;
				CLANG_WARN_INT_CONVERSION = YES;
				CLANG_WARN_OBJC_ROOT_CLASS = YES_ERROR;
				CLANG_WARN_UNREACHABLE_CODE = YES;
				CLANG_WARN__DUPLICATE_METHOD_MATCH = YES;
				"CODE_SIGN_IDENTITY[sdk=iphoneos*]" = "iPhone Developer";
				COPY_PHASE_STRIP = NO;
				DEBUG_INFORMATION_FORMAT = "dwarf-with-dsym";
				ENABLE_NS_ASSERTIONS = NO;
				ENABLE_STRICT_OBJC_MSGSEND = YES;
				GCC_C_LANGUAGE_STANDARD = gnu99;
				GCC_NO_COMMON_BLOCKS = YES;
				GCC_WARN_64_TO_32_BIT_CONVERSION = YES;
				GCC_WARN_ABOUT_RETURN_TYPE = YES_ERROR;
				GCC_WARN_UNDECLARED_SELECTOR = YES;
				GCC_WARN_UNINITIALIZED_AUTOS = YES_AGGRESSIVE;
				GCC_WARN_UNUSED_FUNCTION = YES;
				GCC_WARN_UNUSED_VARIABLE = YES;
				IPHONEOS_DEPLOYMENT_TARGET = 9.3;
				MTL_ENABLE_DEBUG_INFO = NO;
				SDKROOT = iphoneos;
				VALIDATE_PRODUCT = YES;
			};
			name = Release;
		};
		5C9C5BC11CBE720000E91D5B /* Debug */ = {
			isa = XCBuildConfiguration;
			buildSettings = {
				ASSETCATALOG_COMPILER_APPICON_NAME = AppIcon;
				INFOPLIST_FILE = JYXMLDemo/Info.plist;
				LD_RUNPATH_SEARCH_PATHS = "$(inherited) @executable_path/Frameworks";
				PRODUCT_BUNDLE_IDENTIFIER = io.cyin.JYXMLDemo;
				PRODUCT_NAME = "$(TARGET_NAME)";
			};
			name = Debug;
		};
		5C9C5BC21CBE720000E91D5B /* Release */ = {
			isa = XCBuildConfiguration;
			buildSettings = {
				ASSETCATALOG_COMPILER_APPICON_NAME = AppIcon;
				INFOPLIST_FILE = JYXMLDemo/Info.plist;
				LD_RUNPATH_SEARCH_PATHS = "$(inherited) @executable_path/Frameworks";
				PRODUCT_BUNDLE_IDENTIFIER = io.cyin.JYXMLDemo;
				PRODUCT_NAME = "$(TARGET_NAME)";
			};
			name = Release;
		};
/* End XCBuildConfiguration section */

/* Begin XCConfigurationList section */
		5C9C5BA91CBE71FF00E91D5B /* Build configuration list for PBXProject "JYXMLDemo" */ = {
			isa = XCConfigurationList;
			buildConfigurations = (
				5C9C5BBE1CBE720000E91D5B /* Debug */,
				5C9C5BBF1CBE720000E91D5B /* Release */,
			);
			defaultConfigurationIsVisible = 0;
			defaultConfigurationName = Release;
		};
		5C9C5BC01CBE720000E91D5B /* Build configuration list for PBXNativeTarget "JYXMLDemo" */ = {
			isa = XCConfigurationList;
			buildConfigurations = (
				5C9C5BC11CBE720000E91D5B /* Debug */,
				5C9C5BC21CBE720000E91D5B /* Release */,
			);
			defaultConfigurationIsVisible = 0;
		};
/* End XCConfigurationList section */
	};
	rootObject = 5C9C5BA61CBE71FF00E91D5B /* Project object */;
}
